// !$*UTF8*$!
{
	archiveVersion = 1;
	classes = {
	};
	objectVersion = 48;
	objects = {

/* Begin PBXBuildFile section */
		05A8C5AE1FB78DCC004625C6 /* AppDelegate.swift in Sources */ = {isa = PBXBuildFile; fileRef = 05A8C5AD1FB78DCC004625C6 /* AppDelegate.swift */; };
		05A8C5B01FB78DCC004625C6 /* ViewController.swift in Sources */ = {isa = PBXBuildFile; fileRef = 05A8C5AF1FB78DCC004625C6 /* ViewController.swift */; };
		05A8C5B31FB78DCC004625C6 /* Main.storyboard in Resources */ = {isa = PBXBuildFile; fileRef = 05A8C5B11FB78DCC004625C6 /* Main.storyboard */; };
		05A8C5B51FB78DCC004625C6 /* Assets.xcassets in Resources */ = {isa = PBXBuildFile; fileRef = 05A8C5B41FB78DCC004625C6 /* Assets.xcassets */; };
		05A8C5B81FB78DCC004625C6 /* LaunchScreen.storyboard in Resources */ = {isa = PBXBuildFile; fileRef = 05A8C5B61FB78DCC004625C6 /* LaunchScreen.storyboard */; };
/* End PBXBuildFile section */

/* Begin PBXFileReference section */
		05A8C5AA1FB78DCC004625C6 /* InfiniteCollectionView.app */ = {isa = PBXFileReference; explicitFileType = wrapper.application; includeInIndex = 0; path = InfiniteCollectionView.app; sourceTree = BUILT_PRODUCTS_DIR; };
		05A8C5AD1FB78DCC004625C6 /* AppDelegate.swift */ = {isa = PBXFileReference; lastKnownFileType = sourcecode.swift; path = AppDelegate.swift; sourceTree = "<group>"; };
		05A8C5AF1FB78DCC004625C6 /* ViewController.swift */ = {isa = PBXFileReference; lastKnownFileType = sourcecode.swift; path = ViewController.swift; sourceTree = "<group>"; };
		05A8C5B21FB78DCC004625C6 /* Base */ = {isa = PBXFileReference; lastKnownFileType = file.storyboard; name = Base; path = Base.lproj/Main.storyboard; sourceTree = "<group>"; };
		05A8C5B41FB78DCC004625C6 /* Assets.xcassets */ = {isa = PBXFileReference; lastKnownFileType = folder.assetcatalog; path = Assets.xcassets; sourceTree = "<group>"; };
		05A8C5B71FB78DCC004625C6 /* Base */ = {isa = PBXFileReference; lastKnownFileType = file.storyboard; name = Base; path = Base.lproj/LaunchScreen.storyboard; sourceTree = "<group>"; };
		05A8C5B91FB78DCC004625C6 /* Info.plist */ = {isa = PBXFileReference; lastKnownFileType = text.plist.xml; path = Info.plist; sourceTree = "<group>"; };
/* End PBXFileReference section */

/* Begin PBXFrameworksBuildPhase section */
		05A8C5A71FB78DCC004625C6 /* Frameworks */ = {
			isa = PBXFrameworksBuildPhase;
			buildActionMask = 2147483647;
			files = (
			);
			runOnlyForDeploymentPostprocessing = 0;
		};
/* End PBXFrameworksBuildPhase section */

/* Begin PBXGroup section */
		05A8C5A11FB78DCC004625C6 = {
			isa = PBXGroup;
			children = (
				05A8C5AC1FB78DCC004625C6 /* InfiniteCollectionView */,
				05A8C5AB1FB78DCC004625C6 /* Products */,
			);
			sourceTree = "<group>";
		};
		05A8C5AB1FB78DCC004625C6 /* Products */ = {
			isa = PBXGroup;
			children = (
				05A8C5AA1FB78DCC004625C6 /* InfiniteCollectionView.app */,
			);
			name = Products;
			sourceTree = "<group>";
		};
		05A8C5AC1FB78DCC004625C6 /* InfiniteCollectionView */ = {
			isa = PBXGroup;
			children = (
				05A8C5AD1FB78DCC004625C6 /* AppDelegate.swift */,
				05A8C5AF1FB78DCC004625C6 /* ViewController.swift */,
				05A8C5B11FB78DCC004625C6 /* Main.storyboard */,
				05A8C5B41FB78DCC004625C6 /* Assets.xcassets */,
				05A8C5B61FB78DCC004625C6 /* LaunchScreen.storyboard */,
				05A8C5B91FB78DCC004625C6 /* Info.plist */,
			);
			path = InfiniteCollectionView;
			sourceTree = "<group>";
		};
/* End PBXGroup section */

/* Begin PBXNativeTarget section */
		05A8C5A91FB78DCC004625C6 /* InfiniteCollectionView */ = {
			isa = PBXNativeTarget;
			buildConfigurationList = 05A8C5BC1FB78DCC004625C6 /* Build configuration list for PBXNativeTarget "InfiniteCollectionView" */;
			buildPhases = (
				05A8C5A61FB78DCC004625C6 /* Sources */,
				05A8C5A71FB78DCC004625C6 /* Frameworks */,
				05A8C5A81FB78DCC004625C6 /* Resources */,
			);
			buildRules = (
			);
			dependencies = (
			);
			name = InfiniteCollectionView;
			productName = InfiniteCollectionView;
			productReference = 05A8C5AA1FB78DCC004625C6 /* InfiniteCollectionView.app */;
			productType = "com.apple.product-type.application";
		};
/* End PBXNativeTarget section */

/* Begin PBXProject section */
		05A8C5A21FB78DCC004625C6 /* Project object */ = {
			isa = PBXProject;
			attributes = {
				LastSwiftUpdateCheck = 0900;
				LastUpgradeCheck = 0900;
				ORGANIZATIONNAME = Satinder;
				TargetAttributes = {
					05A8C5A91FB78DCC004625C6 = {
						CreatedOnToolsVersion = 9.0.1;
						ProvisioningStyle = Automatic;
					};
				};
			};
			buildConfigurationList = 05A8C5A51FB78DCC004625C6 /* Build configuration list for PBXProject "InfiniteCollectionView" */;
			compatibilityVersion = "Xcode 8.0";
			developmentRegion = en;
			hasScannedForEncodings = 0;
			knownRegions = (
				en,
				Base,
			);
			mainGroup = 05A8C5A11FB78DCC004625C6;
			productRefGroup = 05A8C5AB1FB78DCC004625C6 /* Products */;
			projectDirPath = "";
			projectRoot = "";
			targets = (
				05A8C5A91FB78DCC004625C6 /* InfiniteCollectionView */,
			);
		};
/* End PBXProject section */

/* Begin PBXResourcesBuildPhase section */
		05A8C5A81FB78DCC004625C6 /* Resources */ = {
			isa = PBXResourcesBuildPhase;
			buildActionMask = 2147483647;
			files = (
				05A8C5B81FB78DCC004625C6 /* LaunchScreen.storyboard in Resources */,
				05A8C5B51FB78DCC004625C6 /* Assets.xcassets in Resources */,
				05A8C5B31FB78DCC004625C6 /* Main.storyboard in Resources */,
			);
			runOnlyForDeploymentPostprocessing = 0;
		};
/* End PBXResourcesBuildPhase section */

/* Begin PBXSourcesBuildPhase section */
		05A8C5A61FB78DCC004625C6 /* Sources */ = {
			isa = PBXSourcesBuildPhase;
			buildActionMask = 2147483647;
			files = (
				05A8C5B01FB78DCC004625C6 /* ViewController.swift in Sources */,
				05A8C5AE1FB78DCC004625C6 /* AppDelegate.swift in Sources */,
			);
			runOnlyForDeploymentPostprocessing = 0;
		};
/* End PBXSourcesBuildPhase section */

/* Begin PBXVariantGroup section */
		05A8C5B11FB78DCC004625C6 /* Main.storyboard */ = {
			isa = PBXVariantGroup;
			children = (
				05A8C5B21FB78DCC004625C6 /* Base */,
			);
			name = Main.storyboard;
			sourceTree = "<group>";
		};
		05A8C5B61FB78DCC004625C6 /* LaunchScreen.storyboard */ = {
			isa = PBXVariantGroup;
			children = (
				05A8C5B71FB78DCC004625C6 /* Base */,
			);
			name = LaunchScreen.storyboard;
			sourceTree = "<group>";
		};
/* End PBXVariantGroup section */

/* Begin XCBuildConfiguration section */
		05A8C5BA1FB78DCC004625C6 /* Debug */ = {
			isa = XCBuildConfiguration;
			buildSettings = {
				ALWAYS_SEARCH_USER_PATHS = NO;
				CLANG_ANALYZER_NONNULL = YES;
				CLANG_ANALYZER_NUMBER_OBJECT_CONVERSION = YES_AGGRESSIVE;
				CLANG_CXX_LANGUAGE_STANDARD = "gnu++14";
				CLANG_CXX_LIBRARY = "libc++";
				CLANG_ENABLE_MODULES = YES;
				CLANG_ENABLE_OBJC_ARC = YES;
				CLANG_WARN_BLOCK_CAPTURE_AUTORELEASING = YES;
				CLANG_WARN_BOOL_CONVERSION = YES;
				CLANG_WARN_COMMA = YES;
				CLANG_WARN_CONSTANT_CONVERSION = YES;
				CLANG_WARN_DIRECT_OBJC_ISA_USAGE = YES_ERROR;
				CLANG_WARN_DOCUMENTATION_COMMENTS = YES;
				CLANG_WARN_EMPTY_BODY = YES;
				CLANG_WARN_ENUM_CONVERSION = YES;
				CLANG_WARN_INFINITE_RECURSION = YES;
				CLANG_WARN_INT_CONVERSION = YES;
				CLANG_WARN_NON_LITERAL_NULL_CONVERSION = YES;
				CLANG_WARN_OBJC_LITERAL_CONVERSION = YES;
				CLANG_WARN_OBJC_ROOT_CLASS = YES_ERROR;
				CLANG_WARN_RANGE_LOOP_ANALYSIS = YES;
				CLANG_WARN_STRICT_PROTOTYPES = YES;
				CLANG_WARN_SUSPICIOUS_MOVE = YES;
				CLANG_WARN_UNGUARDED_AVAILABILITY = YES_AGGRESSIVE;
				CLANG_WARN_UNREACHABLE_CODE = YES;
				CLANG_WARN__DUPLICATE_METHOD_MATCH = YES;
				CODE_SIGN_IDENTITY = "iPhone Developer";
				COPY_PHASE_STRIP = NO;
				DEBUG_INFORMATION_FORMAT = dwarf;
				ENABLE_STRICT_OBJC_MSGSEND = YES;
				ENABLE_TESTABILITY = YES;
				GCC_C_LANGUAGE_STANDARD = gnu11;
				GCC_DYNAMIC_NO_PIC = NO;
				GCC_NO_COMMON_BLOCKS = YES;
				GCC_OPTIMIZATION_LEVEL = 0;
				GCC_PREPROCESSOR_DEFINITIONS = (
					"DEBUG=1",
					"$(inherited)",
				);
				GCC_WARN_64_TO_32_BIT_CONVERSION = YES;
				GCC_WARN_ABOUT_RETURN_TYPE = YES_ERROR;
				GCC_WARN_UNDECLARED_SELECTOR = YES;
				GCC_WARN_UNINITIALIZED_AUTOS = YES_AGGRESSIVE;
				GCC_WARN_UNUSED_FUNCTION = YES;
				GCC_WARN_UNUSED_VARIABLE = YES;
				IPHONEOS_DEPLOYMENT_TARGET = 11.0;
				MTL_ENABLE_DEBUG_INFO = YES;
				ONLY_ACTIVE_ARCH = YES;
				SDKROOT = iphoneos;
				SWIFT_ACTIVE_COMPILATION_CONDITIONS = DEBUG;
				SWIFT_OPTIMIZATION_LEVEL = "-Onone";
			};
			name = Debug;
		};
		05A8C5BB1FB78DCC004625C6 /* Release */ = {
			isa = XCBuildConfiguration;
			buildSettings = {
				ALWAYS_SEARCH_USER_PATHS = NO;
				CLANG_ANALYZER_NONNULL = YES;
				CLANG_ANALYZER_NUMBER_OBJECT_CONVERSION = YES_AGGRESSIVE;
				CLANG_CXX_LANGUAGE_STANDARD = "gnu++14";
				CLANG_CXX_LIBRARY = "libc++";
				CLANG_ENABLE_MODULES = YES;
				CLANG_ENABLE_OBJC_ARC = YES;
				CLANG_WARN_BLOCK_CAPTURE_AUTORELEASING = YES;
				CLANG_WARN_BOOL_CONVERSION = YES;
				CLANG_WARN_COMMA = YES;
				CLANG_WARN_CONSTANT_CONVERSION = YES;
				CLANG_WARN_DIRECT_OBJC_ISA_USAGE = YES_ERROR;
				CLANG_WARN_DOCUMENTATION_COMMENTS = YES;
				CLANG_WARN_EMPTY_BODY = YES;
				CLANG_WARN_ENUM_CONVERSION = YES;
				CLANG_WARN_INFINITE_RECURSION = YES;
				CLANG_WARN_INT_CONVERSION = YES;
				CLANG_WARN_NON_LITERAL_NULL_CONVERSION = YES;
				CLANG_WARN_OBJC_LITERAL_CONVERSION = YES;
				CLANG_WARN_OBJC_ROOT_CLASS = YES_ERROR;
				CLANG_WARN_RANGE_LOOP_ANALYSIS = YES;
				CLANG_WARN_STRICT_PROTOTYPES = YES;
				CLANG_WARN_SUSPICIOUS_MOVE = YES;
				CLANG_WARN_UNGUARDED_AVAILABILITY = YES_AGGRESSIVE;
				CLANG_WARN_UNREACHABLE_CODE = YES;
				CLANG_WARN__DUPLICATE_METHOD_MATCH = YES;
				CODE_SIGN_IDENTITY = "iPhone Developer";
				COPY_PHASE_STRIP = NO;
				DEBUG_INFORMATION_FORMAT = "dwarf-with-dsym";
				ENABLE_NS_ASSERTIONS = NO;
				ENABLE_STRICT_OBJC_MSGSEND = YES;
				GCC_C_LANGUAGE_STANDARD = gnu11;
				GCC_NO_COMMON_BLOCKS = YES;
				GCC_WARN_64_TO_32_BIT_CONVERSION = YES;
				GCC_WARN_ABOUT_RETURN_TYPE = YES_ERROR;
				GCC_WARN_UNDECLARED_SELECTOR = YES;
				GCC_WARN_UNINITIALIZED_AUTOS = YES_AGGRESSIVE;
				GCC_WARN_UNUSED_FUNCTION = YES;
				GCC_WARN_UNUSED_VARIABLE = YES;
				IPHONEOS_DEPLOYMENT_TARGET = 11.0;
				MTL_ENABLE_DEBUG_INFO = NO;
				SDKROOT = iphoneos;
				SWIFT_OPTIMIZATION_LEVEL = "-Owholemodule";
				VALIDATE_PRODUCT = YES;
			};
			name = Release;
		};
		05A8C5BD1FB78DCC004625C6 /* Debug */ = {
			isa = XCBuildConfiguration;
			buildSettings = {
				ASSETCATALOG_COMPILER_APPICON_NAME = AppIcon;
				CODE_SIGN_STYLE = Automatic;
				DEVELOPMENT_TEAM = K8E5FV5UDT;
				INFOPLIST_FILE = InfiniteCollectionView/Info.plist;
				LD_RUNPATH_SEARCH_PATHS = "$(inherited) @executable_path/Frameworks";
				PRODUCT_BUNDLE_IDENTIFIER = SS.InfiniteCollectionView;
				PRODUCT_NAME = "$(TARGET_NAME)";
				SWIFT_VERSION = 4.0;
				TARGETED_DEVICE_FAMILY = "1,2";
			};
			name = Debug;
		};
		05A8C5BE1FB78DCC004625C6 /* Release */ = {
			isa = XCBuildConfiguration;
			buildSettings = {
				ASSETCATALOG_COMPILER_APPICON_NAME = AppIcon;
				CODE_SIGN_STYLE = Automatic;
				DEVELOPMENT_TEAM = K8E5FV5UDT;
				INFOPLIST_FILE = InfiniteCollectionView/Info.plist;
				LD_RUNPATH_SEARCH_PATHS = "$(inherited) @executable_path/Frameworks";
				PRODUCT_BUNDLE_IDENTIFIER = SS.InfiniteCollectionView;
				PRODUCT_NAME = "$(TARGET_NAME)";
				SWIFT_VERSION = 4.0;
				TARGETED_DEVICE_FAMILY = "1,2";
			};
			name = Release;
		};
/* End XCBuildConfiguration section */

/* Begin XCConfigurationList section */
		05A8C5A51FB78DCC004625C6 /* Build configuration list for PBXProject "InfiniteCollectionView" */ = {
			isa = XCConfigurationList;
			buildConfigurations = (
				05A8C5BA1FB78DCC004625C6 /* Debug */,
				05A8C5BB1FB78DCC004625C6 /* Release */,
			);
			defaultConfigurationIsVisible = 0;
			defaultConfigurationName = Release;
		};
		05A8C5BC1FB78DCC004625C6 /* Build configuration list for PBXNativeTarget "InfiniteCollectionView" */ = {
			isa = XCConfigurationList;
			buildConfigurations = (
				05A8C5BD1FB78DCC004625C6 /* Debug */,
				05A8C5BE1FB78DCC004625C6 /* Release */,
			);
			defaultConfigurationIsVisible = 0;
			defaultConfigurationName = Release;
		};
/* End XCConfigurationList section */
	};
	rootObject = 05A8C5A21FB78DCC004625C6 /* Project object */;
}
